
Microsoft Visual Studio Solution File, Format Version 12.00
# Visual Studio Version 16
VisualStudioVersion = 16.0.30309.148
MinimumVisualStudioVersion = 10.0.40219.1
Project("{9A19103F-16F7-4668-BE54-9A1E7A4F7556}") = "WebCompiler", "Compiler\WebCompiler.csproj", "{692BDC21-D159-4F06-B9E0-98E406C958D1}"
EndProject
Global
	GlobalSection(SolutionConfigurationPlatforms) = preSolution
		Debug|Any CPU = Debug|Any CPU
		Release|Any CPU = Release|Any CPU
	EndGlobalSection
	GlobalSection(ProjectConfigurationPlatforms) = postSolution
		{692BDC21-D159-4F06-B9E0-98E406C958D1}.Debug|Any CPU.ActiveCfg = Debug|Any CPU
		{692BDC21-D159-4F06-B9E0-98E406C958D1}.Debug|Any CPU.Build.0 = Debug|Any CPU
		{692BDC21-D159-4F06-B9E0-98E406C958D1}.Release|Any CPU.ActiveCfg = Release|Any CPU
		{692BDC21-D159-4F06-B9E0-98E406C958D1}.Release|Any CPU.Build.0 = Release|Any CPU
	EndGlobalSection
	GlobalSection(SolutionProperties) = preSolution
		HideSolutionNode = FALSE
	EndGlobalSection
	GlobalSection(ExtensibilityGlobals) = postSolution
		SolutionGuid = {E5D0FE10-FA6B-4CF5-A9D5-4DB2BFEDC25F}
	EndGlobalSection
EndGlobal
